lockfileVersion: '9.0'

settings:
  autoInstallPeers: true
  excludeLinksFromLockfile: false

importers:

  .:
    dependencies:
      '@ai-sdk/react':
        specifier: ^2.0.93
        version: 2.0.93(react@18.2.0)(zod@4.1.12)
      '@openrouter/ai-sdk-provider':
        specifier: ^1.2.2
        version: 1.2.2(ai@5.0.93(zod@4.1.12))(react-dom@18.2.0(react@18.2.0))(react@18.2.0)(zod@4.1.12)
      '@supabase/supabase-js':
        specifier: ^2.81.1
        version: 2.81.1
      ai:
        specifier: ^5.0.93
        version: 5.0.93(zod@4.1.12)
      framer-motion:
        specifier: ^12.23.24
        version: 12.23.24(react-dom@18.2.0(react@18.2.0))(react@18.2.0)
      next:
        specifier: 14.2.0
        version: 14.2.0(@opentelemetry/api@1.9.0)(react-dom@18.2.0(react@18.2.0))(react@18.2.0)
      next-themes:
        specifier: ^0.4.6
        version: 0.4.6(react-dom@18.2.0(react@18.2.0))(react@18.2.0)
      react:
        specifier: 18.2.0
        version: 18.2.0
      react-dom:
        specifier: 18.2.0
        version: 18.2.0(react@18.2.0)
    devDependencies:
      '@types/react':
        specifier: 19.2.4
        version: 19.2.4
      typescript:
        specifier: 5.4.5
        version: 5.4.5

packages:

  '@ai-sdk/gateway@2.0.9':
    resolution: {integrity: sha512-E6x4h5CPPPJ0za1r5HsLtHbeI+Tp3H+YFtcH8G3dSSPFE6w+PZINzB4NxLZmg1QqSeA5HTP3ZEzzsohp0o2GEw==}
    engines: {node: '>=18'}
    peerDependencies:
      zod: ^3.25.76 || ^4.1.8

  '@ai-sdk/provider-utils@3.0.17':
    resolution: {integrity: sha512-TR3Gs4I3Tym4Ll+EPdzRdvo/rc8Js6c4nVhFLuvGLX/Y4V9ZcQMa/HTiYsHEgmYrf1zVi6Q145UEZUfleOwOjw==}
    engines: {node: '>=18'}
    peerDependencies:
      zod: ^3.25.76 || ^4.1.8

  '@ai-sdk/provider@2.0.0':
    resolution: {integrity: sha512-6o7Y2SeO9vFKB8lArHXehNuusnpddKPk7xqL7T2/b+OvXMRIXUO1rR4wcv1hAFUAT9avGZshty3Wlua/XA7TvA==}
    engines: {node: '>=18'}

  '@ai-sdk/react@2.0.93':
    resolution: {integrity: sha512-2TzhpQr10HuWxpqyHpSAUMRUqD1G2O73J2sAaJChomVDbjr7BwpM0mdR3aRamCXNtuLiJmTFQhbNzw8fXMBdYw==}
    engines: {node: '>=18'}
    peerDependencies:
      react: ^18 || ^19 || ^19.0.0-rc
      zod: ^3.25.76 || ^4.1.8
    peerDependenciesMeta:
      zod:
        optional: true

  '@next/env@14.2.0':
    resolution: {integrity: sha512-4+70ELtSbRtYUuyRpAJmKC8NHBW2x1HMje9KO2Xd7IkoyucmV9SjgO+qeWMC0JWkRQXgydv1O7yKOK8nu/rITQ==}

  '@next/swc-darwin-arm64@14.2.0':
    resolution: {integrity: sha512-kHktLlw0AceuDnkVljJ/4lTJagLzDiO3klR1Fzl2APDFZ8r+aTxNaNcPmpp0xLMkgRwwk6sggYeqq0Rz9K4zzA==}
    engines: {node: '>= 10'}
    cpu: [arm64]
    os: [darwin]

  '@next/swc-darwin-x64@14.2.0':
    resolution: {integrity: sha512-HFSDu7lb1U3RDxXNeKH3NGRR5KyTPBSUTuIOr9jXoAso7i76gNYvnTjbuzGVWt2X5izpH908gmOYWtI7un+JrA==}
    engines: {node: '>= 10'}
    cpu: [x64]
    os: [darwin]

  '@next/swc-linux-arm64-gnu@14.2.0':
    resolution: {integrity: sha512-iQsoWziO5ZMxDWZ4ZTCAc7hbJ1C9UDj/gATSqTaMjW2bJFwAsvf9UM79AKnljBl73uPZ+V0kH4rvnHTco4Ps2w==}
    engines: {node: '>= 10'}
    cpu: [arm64]
    os: [linux]

  '@next/swc-linux-arm64-musl@14.2.0':
    resolution: {integrity: sha512-0JOk2uzLUt8fJK5LpsKKZa74zAch7bJjjgJzR9aOMs231AlE4gPYzsSm430ckZitjPGKeH5bgDZjqwqJQKIS2w==}
    engines: {node: '>= 10'}
    cpu: [arm64]
    os: [linux]

  '@next/swc-linux-x64-gnu@14.2.0':
    resolution: {integrity: sha512-uYHkuTzX0NM6biKNp7hdKTf+BF0iMV254SxO0B8PgrQkxUBKGmk5ysHKB+FYBfdf9xei/t8OIKlXJs9ckD943A==}
    engines: {node: '>= 10'}
    cpu: [x64]
    os: [linux]

  '@next/swc-linux-x64-musl@14.2.0':
    resolution: {integrity: sha512-paN89nLs2dTBDtfXWty1/NVPit+q6ldwdktixYSVwiiAz647QDCd+EIYqoiS+/rPG3oXs/A7rWcJK9HVqfnMVg==}
    engines: {node: '>= 10'}
    cpu: [x64]
    os: [linux]

  '@next/swc-win32-arm64-msvc@14.2.0':
    resolution: {integrity: sha512-j1oiidZisnymYjawFqEfeGNcE22ZQ7lGUaa4pGOCVWrWeIDkPSj8zYgS9TzMNlg17Q3wSWCQC/F5uJAhSh7qcA==}
    engines: {node: '>= 10'}
    cpu: [arm64]
    os: [win32]

  '@next/swc-win32-ia32-msvc@14.2.0':
    resolution: {integrity: sha512-6ff6F4xb+QGD1jhx/dOT9Ot7PQ/GAYekV9ykwEh2EFS/cLTyU4Y3cXkX5cNtNIhpctS5NvyjW9gIksRNErYE0A==}
    engines: {node: '>= 10'}
    cpu: [ia32]
    os: [win32]

  '@next/swc-win32-x64-msvc@14.2.0':
    resolution: {integrity: sha512-09DbG5vXAxz0eTFSf1uebWD36GF3D5toynRkgo2AlSrxwGZkWtJ1RhmrczRYQ17eD5bdo4FZ0ibiffdq5kc4vg==}
    engines: {node: '>= 10'}
    cpu: [x64]
    os: [win32]

  '@openrouter/ai-sdk-provider@1.2.2':
    resolution: {integrity: sha512-7D4ki80mX/UUAmuVmg5rFQQreUEDvDs4THide/Z4WPaKUdVs11MpKgQK2ReE0zP3fUcwL5g7DpSsbOUaVcSW7g==}
    engines: {node: '>=18'}
    peerDependencies:
      ai: ^5.0.0
      zod: ^3.24.1 || ^v4

  '@openrouter/sdk@0.1.11':
    resolution: {integrity: sha512-OuPc8qqidL/PUM8+9WgrOfSR9+b6rKIWiezGcUJ54iPTdh+Gye5Qjut6hrLWlOCMZE7Z853gN90r1ft4iChj7Q==}
    peerDependencies:
      '@tanstack/react-query': ^5
      react: ^18 || ^19
      react-dom: ^18 || ^19
    peerDependenciesMeta:
      '@tanstack/react-query':
        optional: true
      react:
        optional: true
      react-dom:
        optional: true

  '@opentelemetry/api@1.9.0':
    resolution: {integrity: sha512-3giAOQvZiH5F9bMlMiv8+GSPMeqg0dbaeo58/0SlA9sxSqZhnUtxzX9/2FzyhS9sWQf5S0GJE0AKBrFqjpeYcg==}
    engines: {node: '>=8.0.0'}

  '@standard-schema/spec@1.0.0':
    resolution: {integrity: sha512-m2bOd0f2RT9k8QJx1JN85cZYyH1RqFBdlwtkSlf4tBDYLCiiZnv1fIIwacK6cqwXavOydf0NPToMQgpKq+dVlA==}

  '@supabase/auth-js@2.81.1':
    resolution: {integrity: sha512-K20GgiSm9XeRLypxYHa5UCnybWc2K0ok0HLbqCej/wRxDpJxToXNOwKt0l7nO8xI1CyQ+GrNfU6bcRzvdbeopQ==}
    engines: {node: '>=20.0.0'}

  '@supabase/functions-js@2.81.1':
    resolution: {integrity: sha512-sYgSO3mlgL0NvBFS3oRfCK4OgKGQwuOWJLzfPyWg0k8MSxSFSDeN/JtrDJD5GQrxskP6c58+vUzruBJQY78AqQ==}
    engines: {node: '>=20.0.0'}

  '@supabase/postgrest-js@2.81.1':
    resolution: {integrity: sha512-DePpUTAPXJyBurQ4IH2e42DWoA+/Qmr5mbgY4B6ZcxVc/ZUKfTVK31BYIFBATMApWraFc8Q/Sg+yxtfJ3E0wSg==}
    engines: {node: '>=20.0.0'}

  '@supabase/realtime-js@2.81.1':
    resolution: {integrity: sha512-ViQ+Kxm8BuUP/TcYmH9tViqYKGSD1LBjdqx2p5J+47RES6c+0QHedM0PPAjthMdAHWyb2LGATE9PD2++2rO/tw==}
    engines: {node: '>=20.0.0'}

  '@supabase/storage-js@2.81.1':
    resolution: {integrity: sha512-UNmYtjnZnhouqnbEMC1D5YJot7y0rIaZx7FG2Fv8S3hhNjcGVvO+h9We/tggi273BFkiahQPS/uRsapo1cSapw==}
    engines: {node: '>=20.0.0'}

  '@supabase/supabase-js@2.81.1':
    resolution: {integrity: sha512-KSdY7xb2L0DlLmlYzIOghdw/na4gsMcqJ8u4sD6tOQJr+x3hLujU9s4R8N3ob84/1bkvpvlU5PYKa1ae+OICnw==}
    engines: {node: '>=20.0.0'}

  '@swc/counter@0.1.3':
    resolution: {integrity: sha512-e2BR4lsJkkRlKZ/qCHPw9ZaSxc0MVUd7gtbtaB7aMvHeJVYe8sOB8DBZkP2DtISHGSku9sCK6T6cnY0CtXrOCQ==}

  '@swc/helpers@0.5.5':
    resolution: {integrity: sha512-KGYxvIOXcceOAbEk4bi/dVLEK9z8sZ0uBB3Il5b1rhfClSpcX0yfRO0KmTkqR2cnQDymwLB+25ZyMzICg/cm/A==}

  '@types/node@24.10.1':
    resolution: {integrity: sha512-GNWcUTRBgIRJD5zj+Tq0fKOJ5XZajIiBroOF0yvj2bSU1WvNdYS/dn9UxwsujGW4JX06dnHyjV2y9rRaybH0iQ==}

  '@types/phoenix@1.6.6':
    resolution: {integrity: sha512-PIzZZlEppgrpoT2QgbnDU+MMzuR6BbCjllj0bM70lWoejMeNJAxCchxnv7J3XFkI8MpygtRpzXrIlmWUBclP5A==}

  '@types/react@19.2.4':
    resolution: {integrity: sha512-tBFxBp9Nfyy5rsmefN+WXc1JeW/j2BpBHFdLZbEVfs9wn3E3NRFxwV0pJg8M1qQAexFpvz73hJXFofV0ZAu92A==}

  '@types/ws@8.18.1':
    resolution: {integrity: sha512-ThVF6DCVhA8kUGy+aazFQ4kXQ7E1Ty7A3ypFOe0IcJV8O/M511G99AW24irKrW56Wt44yG9+ij8FaqoBGkuBXg==}

  '@vercel/oidc@3.0.3':
    resolution: {integrity: sha512-yNEQvPcVrK9sIe637+I0jD6leluPxzwJKx/Haw6F4H77CdDsszUn5V3o96LPziXkSNE2B83+Z3mjqGKBK/R6Gg==}
    engines: {node: '>= 20'}

  ai@5.0.93:
    resolution: {integrity: sha512-9eGcu+1PJgPg4pRNV4L7tLjRR3wdJC9CXQoNMvtqvYNOLZHFCzjHtVIOr2SIkoJJeu2+sOy3hyiSuTmy2MA40g==}
    engines: {node: '>=18'}
    peerDependencies:
      zod: ^3.25.76 || ^4.1.8

  busboy@1.6.0:
    resolution: {integrity: sha512-8SFQbg/0hQ9xy3UNTB0YEnsNBbWfhf7RtnzpL7TkBiTBRfrQ9Fxcnz7VJsleJpyp6rVLvXiuORqjlHi5q+PYuA==}
    engines: {node: '>=10.16.0'}

  caniuse-lite@1.0.30001754:
    resolution: {integrity: sha512-x6OeBXueoAceOmotzx3PO4Zpt4rzpeIFsSr6AAePTZxSkXiYDUmpypEl7e2+8NCd9bD7bXjqyef8CJYPC1jfxg==}

  client-only@0.0.1:
    resolution: {integrity: sha512-IV3Ou0jSMzZrd3pZ48nLkT9DA7Ag1pnPzaiQhpW7c3RbcqqzvzzVu+L8gfqMp/8IM2MQtSiqaCxrrcfu8I8rMA==}

  csstype@3.1.3:
    resolution: {integrity: sha512-M1uQkMl8rQK/szD0LNhtqxIPLpimGm8sOBwU7lLnCpSbTyY3yeU1Vc7l4KT5zT4s/yOxHH5O7tIuuLOCnLADRw==}

  dequal@2.0.3:
    resolution: {integrity: sha512-0je+qPKHEMohvfRTCEo3CrPG6cAzAYgmzKyxRiYSSDkS6eGJdyVJm7WaYA5ECaAD9wLB2T4EEeymA5aFVcYXCA==}
    engines: {node: '>=6'}

  eventsource-parser@3.0.6:
    resolution: {integrity: sha512-Vo1ab+QXPzZ4tCa8SwIHJFaSzy4R6SHf7BY79rFBDf0idraZWAkYrDjDj8uWaSm3S2TK+hJ7/t1CEmZ7jXw+pg==}
    engines: {node: '>=18.0.0'}

  framer-motion@12.23.24:
    resolution: {integrity: sha512-HMi5HRoRCTou+3fb3h9oTLyJGBxHfW+HnNE25tAXOvVx/IvwMHK0cx7IR4a2ZU6sh3IX1Z+4ts32PcYBOqka8w==}
    peerDependencies:
      '@emotion/is-prop-valid': '*'
      react: ^18.0.0 || ^19.0.0
      react-dom: ^18.0.0 || ^19.0.0
    peerDependenciesMeta:
      '@emotion/is-prop-valid':
        optional: true
      react:
        optional: true
      react-dom:
        optional: true

  graceful-fs@4.2.11:
    resolution: {integrity: sha512-RbJ5/jmFcNNCcDV5o9eTnBLJ/HszWV0P73bc+Ff4nS/rJj+YaS6IGyiOL0VoBYX+l1Wrl3k63h/KrH+nhJ0XvQ==}

  js-tokens@4.0.0:
    resolution: {integrity: sha512-RdJUflcE3cUzKiMqQgsCu06FPu9UdIJO0beYbPhHN4k6apgJtifcoCtT9bcxOpYBtpD2kCM6Sbzg4CausW/PKQ==}

  json-schema@0.4.0:
    resolution: {integrity: sha512-es94M3nTIfsEPisRafak+HDLfHXnKBhV3vU5eqPcS3flIWqcxJWgXHXiey3YrpaNsanY5ei1VoYEbOzijuq9BA==}

  loose-envify@1.4.0:
    resolution: {integrity: sha512-lyuxPGr/Wfhrlem2CL/UcnUc1zcqKAImBDzukY7Y5F/yQiNdko6+fRLevlw1HgMySw7f611UIY408EtxRSoK3Q==}
    hasBin: true

  motion-dom@12.23.23:
    resolution: {integrity: sha512-n5yolOs0TQQBRUFImrRfs/+6X4p3Q4n1dUEqt/H58Vx7OW6RF+foWEgmTVDhIWJIMXOuNNL0apKH2S16en9eiA==}

  motion-utils@12.23.6:
    resolution: {integrity: sha512-eAWoPgr4eFEOFfg2WjIsMoqJTW6Z8MTUCgn/GZ3VRpClWBdnbjryiA3ZSNLyxCTmCQx4RmYX6jX1iWHbenUPNQ==}

  nanoid@3.3.11:
    resolution: {integrity: sha512-N8SpfPUnUp1bK+PMYW8qSWdl9U+wwNWI4QKxOYDy9JAro3WMX7p2OeVRF9v+347pnakNevPmiHhNmZ2HbFA76w==}
    engines: {node: ^10 || ^12 || ^13.7 || ^14 || >=15.0.1}
    hasBin: true

  next-themes@0.4.6:
    resolution: {integrity: sha512-pZvgD5L0IEvX5/9GWyHMf3m8BKiVQwsCMHfoFosXtXBMnaS0ZnIJ9ST4b4NqLVKDEm8QBxoNNGNaBv2JNF6XNA==}
    peerDependencies:
      react: ^16.8 || ^17 || ^18 || ^19 || ^19.0.0-rc
      react-dom: ^16.8 || ^17 || ^18 || ^19 || ^19.0.0-rc

  next@14.2.0:
    resolution: {integrity: sha512-2T41HqJdKPqheR27ll7MFZ3gtTYvGew7cUc0PwPSyK9Ao5vvwpf9bYfP4V5YBGLckHF2kEGvrLte5BqLSv0s8g==}
    engines: {node: '>=18.17.0'}
    hasBin: true
    peerDependencies:
      '@opentelemetry/api': ^1.1.0
      '@playwright/test': ^1.41.2
      react: ^18.2.0
      react-dom: ^18.2.0
      sass: ^1.3.0
    peerDependenciesMeta:
      '@opentelemetry/api':
        optional: true
      '@playwright/test':
        optional: true
      sass:
        optional: true

  picocolors@1.1.1:
    resolution: {integrity: sha512-xceH2snhtb5M9liqDsmEw56le376mTZkEX/jEb/RxNFyegNul7eNslCXP9FDj/Lcu0X8KEyMceP2ntpaHrDEVA==}

  postcss@8.4.31:
    resolution: {integrity: sha512-PS08Iboia9mts/2ygV3eLpY5ghnUcfLV/EXTOW1E2qYxJKGGBUtNjN76FYHnMs36RmARn41bC0AZmn+rR0OVpQ==}
    engines: {node: ^10 || ^12 || >=14}

  react-dom@18.2.0:
    resolution: {integrity: sha512-6IMTriUmvsjHUjNtEDudZfuDQUoWXVxKHhlEGSk81n4YFS+r/Kl99wXiwlVXtPBtJenozv2P+hxDsw9eA7Xo6g==}
    peerDependencies:
      react: ^18.2.0

  react@18.2.0:
    resolution: {integrity: sha512-/3IjMdb2L9QbBdWiW5e3P2/npwMBaU9mHCSCUzNln0ZCYbcfTsGbTJrU/kGemdH2IWmB2ioZ+zkxtmq6g09fGQ==}
    engines: {node: '>=0.10.0'}

  scheduler@0.23.2:
    resolution: {integrity: sha512-UOShsPwz7NrMUqhR6t0hWjFduvOzbtv7toDH1/hIrfRNIDBnnBWd0CwJTGvTpngVlmwGCdP9/Zl/tVrDqcuYzQ==}

  source-map-js@1.2.1:
    resolution: {integrity: sha512-UXWMKhLOwVKb728IUtQPXxfYU+usdybtUrK/8uGE8CQMvrhOpwvzDBwj0QhSL7MQc7vIsISBG8VQ8+IDQxpfQA==}
    engines: {node: '>=0.10.0'}

  streamsearch@1.1.0:
    resolution: {integrity: sha512-Mcc5wHehp9aXz1ax6bZUyY5afg9u2rv5cqQI3mRrYkGC8rW2hM02jWuwjtL++LS5qinSyhj2QfLyNsuc+VsExg==}
    engines: {node: '>=10.0.0'}

  styled-jsx@5.1.1:
    resolution: {integrity: sha512-pW7uC1l4mBZ8ugbiZrcIsiIvVx1UmTfw7UkC3Um2tmfUq9Bhk8IiyEIPl6F8agHgjzku6j0xQEZbfA5uSgSaCw==}
    engines: {node: '>= 12.0.0'}
    peerDependencies:
      '@babel/core': '*'
      babel-plugin-macros: '*'
      react: '>= 16.8.0 || 17.x.x || ^18.0.0-0'
    peerDependenciesMeta:
      '@babel/core':
        optional: true
      babel-plugin-macros:
        optional: true

  swr@2.3.6:
    resolution: {integrity: sha512-wfHRmHWk/isGNMwlLGlZX5Gzz/uTgo0o2IRuTMcf4CPuPFJZlq0rDaKUx+ozB5nBOReNV1kiOyzMfj+MBMikLw==}
    peerDependencies:
      react: ^16.11.0 || ^17.0.0 || ^18.0.0 || ^19.0.0

  throttleit@2.1.0:
    resolution: {integrity: sha512-nt6AMGKW1p/70DF/hGBdJB57B8Tspmbp5gfJ8ilhLnt7kkr2ye7hzD6NVG8GGErk2HWF34igrL2CXmNIkzKqKw==}
    engines: {node: '>=18'}

  tslib@2.8.1:
    resolution: {integrity: sha512-oJFu94HQb+KVduSUQL7wnpmqnfmLsOA/nAh6b6EH0wCEoK0/mPeXU6c3wKDV83MkOuHPRHtSXKKU99IBazS/2w==}

  typescript@5.4.5:
    resolution: {integrity: sha512-vcI4UpRgg81oIRUFwR0WSIHKt11nJ7SAVlYNIu+QpqeyXP+gpQJy/Z4+F0aGxSE4MqwjyXvW/TzgkLAx2AGHwQ==}
    engines: {node: '>=14.17'}
    hasBin: true

  undici-types@7.16.0:
    resolution: {integrity: sha512-Zz+aZWSj8LE6zoxD+xrjh4VfkIG8Ya6LvYkZqtUQGJPZjYl53ypCaUwWqo7eI0x66KBGeRo+mlBEkMSeSZ38Nw==}

  use-sync-external-store@1.6.0:
    resolution: {integrity: sha512-Pp6GSwGP/NrPIrxVFAIkOQeyw8lFenOHijQWkUTrDvrF4ALqylP2C/KCkeS9dpUM3KvYRQhna5vt7IL95+ZQ9w==}
    peerDependencies:
      react: ^16.8.0 || ^17.0.0 || ^18.0.0 || ^19.0.0

  ws@8.18.3:
    resolution: {integrity: sha512-PEIGCY5tSlUt50cqyMXfCzX+oOPqN0vuGqWzbcJ2xvnkzkq46oOpz7dQaTDBdfICb4N14+GARUDw2XV2N4tvzg==}
    engines: {node: '>=10.0.0'}
    peerDependencies:
      bufferutil: ^4.0.1
      utf-8-validate: '>=5.0.2'
    peerDependenciesMeta:
      bufferutil:
        optional: true
      utf-8-validate:
        optional: true

  zod@4.1.12:
    resolution: {integrity: sha512-JInaHOamG8pt5+Ey8kGmdcAcg3OL9reK8ltczgHTAwNhMys/6ThXHityHxVV2p3fkw/c+MAvBHFVYHFZDmjMCQ==}

snapshots:

  '@ai-sdk/gateway@2.0.9(zod@4.1.12)':
    dependencies:
      '@ai-sdk/provider': 2.0.0
      '@ai-sdk/provider-utils': 3.0.17(zod@4.1.12)
      '@vercel/oidc': 3.0.3
      zod: 4.1.12

  '@ai-sdk/provider-utils@3.0.17(zod@4.1.12)':
    dependencies:
      '@ai-sdk/provider': 2.0.0
      '@standard-schema/spec': 1.0.0
      eventsource-parser: 3.0.6
      zod: 4.1.12

  '@ai-sdk/provider@2.0.0':
    dependencies:
      json-schema: 0.4.0

  '@ai-sdk/react@2.0.93(react@18.2.0)(zod@4.1.12)':
    dependencies:
      '@ai-sdk/provider-utils': 3.0.17(zod@4.1.12)
      ai: 5.0.93(zod@4.1.12)
      react: 18.2.0
      swr: 2.3.6(react@18.2.0)
      throttleit: 2.1.0
    optionalDependencies:
      zod: 4.1.12

  '@next/env@14.2.0': {}

  '@next/swc-darwin-arm64@14.2.0':
    optional: true

  '@next/swc-darwin-x64@14.2.0':
    optional: true

  '@next/swc-linux-arm64-gnu@14.2.0':
    optional: true

  '@next/swc-linux-arm64-musl@14.2.0':
    optional: true

  '@next/swc-linux-x64-gnu@14.2.0':
    optional: true

  '@next/swc-linux-x64-musl@14.2.0':
    optional: true

  '@next/swc-win32-arm64-msvc@14.2.0':
    optional: true

  '@next/swc-win32-ia32-msvc@14.2.0':
    optional: true

  '@next/swc-win32-x64-msvc@14.2.0':
    optional: true

  '@openrouter/ai-sdk-provider@1.2.2(ai@5.0.93(zod@4.1.12))(react-dom@18.2.0(react@18.2.0))(react@18.2.0)(zod@4.1.12)':
    dependencies:
      '@openrouter/sdk': 0.1.11(react-dom@18.2.0(react@18.2.0))(react@18.2.0)
      ai: 5.0.93(zod@4.1.12)
      zod: 4.1.12
    transitivePeerDependencies:
      - '@tanstack/react-query'
      - react
      - react-dom

  '@openrouter/sdk@0.1.11(react-dom@18.2.0(react@18.2.0))(react@18.2.0)':
    dependencies:
      zod: 4.1.12
    optionalDependencies:
      react: 18.2.0
      react-dom: 18.2.0(react@18.2.0)

  '@opentelemetry/api@1.9.0': {}

  '@standard-schema/spec@1.0.0': {}

  '@supabase/auth-js@2.81.1':
    dependencies:
      tslib: 2.8.1

  '@supabase/functions-js@2.81.1':
    dependencies:
      tslib: 2.8.1

  '@supabase/postgrest-js@2.81.1':
    dependencies:
      tslib: 2.8.1

  '@supabase/realtime-js@2.81.1':
    dependencies:
      '@types/phoenix': 1.6.6
      '@types/ws': 8.18.1
      tslib: 2.8.1
      ws: 8.18.3
    transitivePeerDependencies:
      - bufferutil
      - utf-8-validate

  '@supabase/storage-js@2.81.1':
    dependencies:
      tslib: 2.8.1

  '@supabase/supabase-js@2.81.1':
    dependencies:
      '@supabase/auth-js': 2.81.1
      '@supabase/functions-js': 2.81.1
      '@supabase/postgrest-js': 2.81.1
      '@supabase/realtime-js': 2.81.1
      '@supabase/storage-js': 2.81.1
    transitivePeerDependencies:
      - bufferutil
      - utf-8-validate

  '@swc/counter@0.1.3': {}

  '@swc/helpers@0.5.5':
    dependencies:
      '@swc/counter': 0.1.3
      tslib: 2.8.1

  '@types/node@24.10.1':
    dependencies:
      undici-types: 7.16.0

  '@types/phoenix@1.6.6': {}

  '@types/react@19.2.4':
    dependencies:
      csstype: 3.1.3

  '@types/ws@8.18.1':
    dependencies:
      '@types/node': 24.10.1

  '@vercel/oidc@3.0.3': {}

  ai@5.0.93(zod@4.1.12):
    dependencies:
      '@ai-sdk/gateway': 2.0.9(zod@4.1.12)
      '@ai-sdk/provider': 2.0.0
      '@ai-sdk/provider-utils': 3.0.17(zod@4.1.12)
      '@opentelemetry/api': 1.9.0
      zod: 4.1.12

  busboy@1.6.0:
    dependencies:
      streamsearch: 1.1.0

  caniuse-lite@1.0.30001754: {}

  client-only@0.0.1: {}

  csstype@3.1.3: {}

  dequal@2.0.3: {}

  eventsource-parser@3.0.6: {}

  framer-motion@12.23.24(react-dom@18.2.0(react@18.2.0))(react@18.2.0):
    dependencies:
      motion-dom: 12.23.23
      motion-utils: 12.23.6
      tslib: 2.8.1
    optionalDependencies:
      react: 18.2.0
      react-dom: 18.2.0(react@18.2.0)

  graceful-fs@4.2.11: {}

  js-tokens@4.0.0: {}

  json-schema@0.4.0: {}

  loose-envify@1.4.0:
    dependencies:
      js-tokens: 4.0.0

  motion-dom@12.23.23:
    dependencies:
      motion-utils: 12.23.6

  motion-utils@12.23.6: {}

  nanoid@3.3.11: {}

  next-themes@0.4.6(react-dom@18.2.0(react@18.2.0))(react@18.2.0):
    dependencies:
      react: 18.2.0
      react-dom: 18.2.0(react@18.2.0)

  next@14.2.0(@opentelemetry/api@1.9.0)(react-dom@18.2.0(react@18.2.0))(react@18.2.0):
    dependencies:
      '@next/env': 14.2.0
      '@swc/helpers': 0.5.5
      busboy: 1.6.0
      caniuse-lite: 1.0.30001754
      graceful-fs: 4.2.11
      postcss: 8.4.31
      react: 18.2.0
      react-dom: 18.2.0(react@18.2.0)
      styled-jsx: 5.1.1(react@18.2.0)
    optionalDependencies:
      '@next/swc-darwin-arm64': 14.2.0
      '@next/swc-darwin-x64': 14.2.0
      '@next/swc-linux-arm64-gnu': 14.2.0
      '@next/swc-linux-arm64-musl': 14.2.0
      '@next/swc-linux-x64-gnu': 14.2.0
      '@next/swc-linux-x64-musl': 14.2.0
      '@next/swc-win32-arm64-msvc': 14.2.0
      '@next/swc-win32-ia32-msvc': 14.2.0
      '@next/swc-win32-x64-msvc': 14.2.0
      '@opentelemetry/api': 1.9.0
    transitivePeerDependencies:
      - '@babel/core'
      - babel-plugin-macros

  picocolors@1.1.1: {}

  postcss@8.4.31:
    dependencies:
      nanoid: 3.3.11
      picocolors: 1.1.1
      source-map-js: 1.2.1

  react-dom@18.2.0(react@18.2.0):
    dependencies:
      loose-envify: 1.4.0
      react: 18.2.0
      scheduler: 0.23.2

  react@18.2.0:
    dependencies:
      loose-envify: 1.4.0

  scheduler@0.23.2:
    dependencies:
      loose-envify: 1.4.0

  source-map-js@1.2.1: {}

  streamsearch@1.1.0: {}

  styled-jsx@5.1.1(react@18.2.0):
    dependencies:
      client-only: 0.0.1
      react: 18.2.0

  swr@2.3.6(react@18.2.0):
    dependencies:
      dequal: 2.0.3
      react: 18.2.0
      use-sync-external-store: 1.6.0(react@18.2.0)

  throttleit@2.1.0: {}

  tslib@2.8.1: {}

  typescript@5.4.5: {}

  undici-types@7.16.0: {}

  use-sync-external-store@1.6.0(react@18.2.0):
    dependencies:
      react: 18.2.0

  ws@8.18.3: {}

  zod@4.1.12: {}
